
Microsoft Visual Studio Solution File, Format Version 12.00
# Visual Studio Version 17
VisualStudioVersion = 17.14.36109.1 d17.14
MinimumVisualStudioVersion = 10.0.40219.1
Project("{FAE04EC0-301F-11D3-BF4B-00C04F79EFBC}") = "algorithm", "algorithm\algorithm.csproj", "{AFAC39F5-2F9D-4D3C-B093-73489F031FCD}"
EndProject
Global
	GlobalSection(SolutionConfigurationPlatforms) = preSolution
		Debug|Any CPU = Debug|Any CPU
		Release|Any CPU = Release|Any CPU
	EndGlobalSection
	GlobalSection(ProjectConfigurationPlatforms) = postSolution
		{AFAC39F5-2F9D-4D3C-B093-73489F031FCD}.Debug|Any CPU.ActiveCfg = Debug|Any CPU
		{AFAC39F5-2F9D-4D3C-B093-73489F031FCD}.Debug|Any CPU.Build.0 = Debug|Any CPU
		{AFAC39F5-2F9D-4D3C-B093-73489F031FCD}.Release|Any CPU.ActiveCfg = Release|Any CPU
		{AFAC39F5-2F9D-4D3C-B093-73489F031FCD}.Release|Any CPU.Build.0 = Release|Any CPU
	EndGlobalSection
	GlobalSection(SolutionProperties) = preSolution
		HideSolutionNode = FALSE
	EndGlobalSection
	GlobalSection(ExtensibilityGlobals) = postSolution
		SolutionGuid = {8C65456A-F682-4960-AC72-69147A6B2C86}
	EndGlobalSection
EndGlobal
